<?xml version="1.0" encoding="utf-8"?>
<Project ToolsVersion="4.0" xmlns="http://schemas.microsoft.com/developer/msbuild/2003">
  <ItemGroup>
    <ClCompile Include="sources\injectorMainWindow.cpp" />
    <ClCompile Include="sources\main.cpp" />
    <ClCompile Include="sources\injectDialog.cpp">
      <Filter>Source Files</Filter>
    </ClCompile>
    <ClCompile Include="sources\centralWidget.cpp">
      <Filter>Source Files</Filter>
    </ClCompile>
    <ClCompile Include="sources\previewwidget.cpp">
      <Filter>Source Files</Filter>
    </ClCompile>
    <ClCompile Include="sources\searchResultWidget.cpp">
      <Filter>Source Files</Filter>
    </ClCompile>
    <ClCompile Include="sources\ProcessSearcher.cpp">
      <Filter>Source Files</Filter>
    </ClCompile>
    <ClCompile Include="sources\CodeExecutionMethod.cpp">
      <Filter>Source Files</Filter>
    </ClCompile>
    <ClCompile Include="sources\injectionMethods\InjectionMethod.cpp">
      <Filter>Source Files</Filter>
    </ClCompile>
    <ClCompile Include="sources\injectionMethods\ThreadCreationStrategy\CreateRemoteThreadStrategy.cpp">
      <Filter>Source Files</Filter>
    </ClCompile>
    <ClCompile Include="sources\injectionMethods\ThreadCreationStrategy\GenericThreadingStrategy.cpp">
      <Filter>Source Files</Filter>
    </ClCompile>
  </ItemGroup>
  <ItemGroup>
    <QtMoc Include="headers\injectorMainWindow.h" />
    <QtMoc Include="headers\injectDialog.h">
      <Filter>Header Files</Filter>
    </QtMoc>
    <QtMoc Include="headers\centralWidget.h">
      <Filter>Header Files</Filter>
    </QtMoc>
    <QtMoc Include="headers\previewwidget.h">
      <Filter>Header Files</Filter>
    </QtMoc>
    <QtMoc Include="headers\searchResultWidget.h">
      <Filter>Header Files</Filter>
    </QtMoc>
  </ItemGroup>
  <ItemGroup>
    <QtRcc Include="h1k4r1injector.qrc" />
    <QtRcc Include="..\..\..\Desktop\git\BreezeStyleSheets\dist\breeze.qrc" />
  </ItemGroup>
  <ItemGroup>
    <QtUic Include="ui\h1k4r1injector.ui" />
    <QtUic Include="ui\injectdialog.ui">
      <Filter>Form Files</Filter>
    </QtUic>
    <QtUic Include="..\..\ui\injector-ui.ui">
      <Filter>Form Files</Filter>
    </QtUic>
    <QtUic Include="ui\previewwidget.ui">
      <Filter>Form Files</Filter>
    </QtUic>
    <QtUic Include="ui\injectorui.ui">
      <Filter>Form Files</Filter>
    </QtUic>
    <QtUic Include="ui\SearchResultWidget.ui">
      <Filter>Form Files</Filter>
    </QtUic>
  </ItemGroup>
  <ItemGroup>
    <Filter Include="Header Files">
      <UniqueIdentifier>{93995380-89BD-4b04-88EB-625FBE52EBFB}</UniqueIdentifier>
      <Extensions>h;hh;hpp;hxx;hm;inl;inc;xsd</Extensions>
      <ParseFiles>true</ParseFiles>
    </Filter>
    <Filter Include="Source Files">
      <UniqueIdentifier>{4FC737F1-C7A5-4376-A066-2A32D752A2FF}</UniqueIdentifier>
      <Extensions>cpp;c;cc;cxx;def;odl;idl;hpj;bat;asm;asmx</Extensions>
      <ParseFiles>true</ParseFiles>
    </Filter>
    <Filter Include="Form Files">
      <UniqueIdentifier>{99349809-55BA-4b9d-BF79-8FDBB0286EB3}</UniqueIdentifier>
      <Extensions>ui</Extensions>
      <ParseFiles>true</ParseFiles>
    </Filter>
  </ItemGroup>
  <ItemGroup>
    <None Include="..\..\..\Desktop\git\BreezeStyleSheets\dist\dark\stylesheet.qss" />
    <None Include=".gitattributes" />
    <None Include=".gitignore" />
  </ItemGroup>
  <ItemGroup>
    <ClInclude Include="headers\ProcessSearcher.h">
      <Filter>Header Files</Filter>
    </ClInclude>
    <ClInclude Include="headers\CodeExecutionMethod.h">
      <Filter>Header Files</Filter>
    </ClInclude>
    <ClInclude Include="headers\InjectionMethods\InjectionMethod.h">
      <Filter>Header Files</Filter>
    </ClInclude>
    <ClInclude Include="headers\InjectionMethods\ThreadCreationStrategy\CreateRemoteThreadStrategy.h">
      <Filter>Header Files</Filter>
    </ClInclude>
    <ClInclude Include="headers\InjectionMethods\ThreadCreationStrategy\GenericThreadingStrategy.h">
      <Filter>Header Files</Filter>
    </ClInclude>
  </ItemGroup>
</Project>